
Microsoft Visual Studio Solution File, Format Version 12.00
# Visual Studio Version 17
VisualStudioVersion = 17.9.34714.143
MinimumVisualStudioVersion = 10.0.40219.1
Project("{9A19103F-16F7-4668-BE54-9A1E7A4F7556}") = "JPS", "JPS\JPS.csproj", "{1846074F-EF61-4AAE-9B18-5941FC4FFDA1}"
EndProject
Project("{9A19103F-16F7-4668-BE54-9A1E7A4F7556}") = "BNS", "..\..\..\OneDrive\University\Enterprise Projects\BNS GROUP WORK\BNS\BNS\BNS\BNS.csproj", "{46567C6E-C2E4-41E7-AD63-1A5E57426570}"
EndProject
Project("{9A19103F-16F7-4668-BE54-9A1E7A4F7556}") = "NCB", "..\..\..\Downloads\NCB GROUP WORK (2)\NCB GROUP WORK\NCB GROUP WORK\NCB\NCB\NCB\NCB.csproj", "{CE072BDC-1B87-4F32-8523-DA01B3049069}"
EndProject
Global
	GlobalSection(SolutionConfigurationPlatforms) = preSolution
		Debug|Any CPU = Debug|Any CPU
		Release|Any CPU = Release|Any CPU
	EndGlobalSection
	GlobalSection(ProjectConfigurationPlatforms) = postSolution
		{1846074F-EF61-4AAE-9B18-5941FC4FFDA1}.Debug|Any CPU.ActiveCfg = Debug|Any CPU
		{1846074F-EF61-4AAE-9B18-5941FC4FFDA1}.Debug|Any CPU.Build.0 = Debug|Any CPU
		{1846074F-EF61-4AAE-9B18-5941FC4FFDA1}.Release|Any CPU.ActiveCfg = Release|Any CPU
		{1846074F-EF61-4AAE-9B18-5941FC4FFDA1}.Release|Any CPU.Build.0 = Release|Any CPU
		{46567C6E-C2E4-41E7-AD63-1A5E57426570}.Debug|Any CPU.ActiveCfg = Debug|Any CPU
		{46567C6E-C2E4-41E7-AD63-1A5E57426570}.Debug|Any CPU.Build.0 = Debug|Any CPU
		{46567C6E-C2E4-41E7-AD63-1A5E57426570}.Release|Any CPU.ActiveCfg = Release|Any CPU
		{46567C6E-C2E4-41E7-AD63-1A5E57426570}.Release|Any CPU.Build.0 = Release|Any CPU
		{CE072BDC-1B87-4F32-8523-DA01B3049069}.Debug|Any CPU.ActiveCfg = Debug|Any CPU
		{CE072BDC-1B87-4F32-8523-DA01B3049069}.Debug|Any CPU.Build.0 = Debug|Any CPU
		{CE072BDC-1B87-4F32-8523-DA01B3049069}.Release|Any CPU.ActiveCfg = Release|Any CPU
		{CE072BDC-1B87-4F32-8523-DA01B3049069}.Release|Any CPU.Build.0 = Release|Any CPU
	EndGlobalSection
	GlobalSection(SolutionProperties) = preSolution
		HideSolutionNode = FALSE
	EndGlobalSection
	GlobalSection(ExtensibilityGlobals) = postSolution
		SolutionGuid = {1C8B052A-E6AA-4AA8-8D73-DF033766573B}
	EndGlobalSection
EndGlobal
